
Microsoft Visual Studio Solution File, Format Version 11.00
# Visual Studio 10
Project("{FAE04EC0-301F-11D3-BF4B-00C04F79EFBC}") = "TvdbLib", "TvdbLib\TvdbLib.csproj", "{23C34CF0-4E66-4F02-9EDC-83F292C6005C}"
EndProject
Project("{FAE04EC0-301F-11D3-BF4B-00C04F79EFBC}") = "TvdbBrowser", "TvdbTester\TvdbBrowser.csproj", "{524ED2AB-E2BF-4ABC-9154-C0B949ECF159}"
EndProject
Project("{FAE04EC0-301F-11D3-BF4B-00C04F79EFBC}") = "CodeExamples", "CodeExamples\CodeExamples.csproj", "{453E208C-C20A-485A-A030-19B5FA7F3ADE}"
EndProject
Global
	GlobalSection(SolutionConfigurationPlatforms) = preSolution
		Debug|Any CPU = Debug|Any CPU
		Release|Any CPU = Release|Any CPU
	EndGlobalSection
	GlobalSection(ProjectConfigurationPlatforms) = postSolution
		{23C34CF0-4E66-4F02-9EDC-83F292C6005C}.Debug|Any CPU.ActiveCfg = Debug|Any CPU
		{23C34CF0-4E66-4F02-9EDC-83F292C6005C}.Debug|Any CPU.Build.0 = Debug|Any CPU
		{23C34CF0-4E66-4F02-9EDC-83F292C6005C}.Release|Any CPU.ActiveCfg = Release|Any CPU
		{23C34CF0-4E66-4F02-9EDC-83F292C6005C}.Release|Any CPU.Build.0 = Release|Any CPU
		{524ED2AB-E2BF-4ABC-9154-C0B949ECF159}.Debug|Any CPU.ActiveCfg = Debug|Any CPU
		{524ED2AB-E2BF-4ABC-9154-C0B949ECF159}.Debug|Any CPU.Build.0 = Debug|Any CPU
		{524ED2AB-E2BF-4ABC-9154-C0B949ECF159}.Release|Any CPU.ActiveCfg = Release|Any CPU
		{524ED2AB-E2BF-4ABC-9154-C0B949ECF159}.Release|Any CPU.Build.0 = Release|Any CPU
		{453E208C-C20A-485A-A030-19B5FA7F3ADE}.Debug|Any CPU.ActiveCfg = Debug|Any CPU
		{453E208C-C20A-485A-A030-19B5FA7F3ADE}.Debug|Any CPU.Build.0 = Debug|Any CPU
		{453E208C-C20A-485A-A030-19B5FA7F3ADE}.Release|Any CPU.ActiveCfg = Release|Any CPU
		{453E208C-C20A-485A-A030-19B5FA7F3ADE}.Release|Any CPU.Build.0 = Release|Any CPU
	EndGlobalSection
	GlobalSection(SolutionProperties) = preSolution
		HideSolutionNode = FALSE
	EndGlobalSection
EndGlobal
